
Microsoft Visual Studio Solution File, Format Version 12.00
Project("{2150E333-8FDC-42A3-9474-1A3956D46DE8}") = "Services", "Services", "{B9A7B137-CEE5-4B24-9E00-82007CCF1794}"
EndProject
Project("{2150E333-8FDC-42A3-9474-1A3956D46DE8}") = "Catalog", "Catalog", "{C6ABAA49-72B3-4400-9596-121BB73F4DF2}"
EndProject
Project("{FAE04EC0-301F-11D3-BF4B-00C04F79EFBC}") = "Catalog.API", "Services\Catalog\Catalog.API\Catalog.API.csproj", "{53F79B2C-F5D0-41AE-AAA0-072F39915793}"
EndProject
Project("{2150E333-8FDC-42A3-9474-1A3956D46DE8}") = "BuildingBlocks", "BuildingBlocks", "{D0174253-5BC7-483D-988B-26C4C7BA0834}"
EndProject
Project("{FAE04EC0-301F-11D3-BF4B-00C04F79EFBC}") = "BuildingBlocks", "BuildingBlocks\BuildingBlocks\BuildingBlocks.csproj", "{360EC600-C64A-4287-8978-F14B92E83514}"
EndProject
Project("{2150E333-8FDC-42A3-9474-1A3956D46DE8}") = "Solution Items", "Solution Items", "{06B814DF-3C1E-40E6-8702-084C39AD9AC4}"
	ProjectSection(SolutionItems) = preProject
		docker-compose.yml = docker-compose.yml
	EndProjectSection
EndProject
Project("{2150E333-8FDC-42A3-9474-1A3956D46DE8}") = "Basket", "Basket", "{646F85E9-B48A-4D93-9834-72F0E50DB695}"
EndProject
Project("{FAE04EC0-301F-11D3-BF4B-00C04F79EFBC}") = "Basket.API", "Services\Basket\Basket.API\Basket.API.csproj", "{50665616-EC61-4F7E-BE8F-15F3DE2BF4E6}"
EndProject
Project("{2150E333-8FDC-42A3-9474-1A3956D46DE8}") = "Discount", "Discount", "{DE8BB909-1840-43EB-B2DF-C24DB4EB56CA}"
EndProject
Project("{FAE04EC0-301F-11D3-BF4B-00C04F79EFBC}") = "Discount.Grpc", "Services\Discount\Discount.Grpc\Discount.Grpc.csproj", "{680A4B95-730B-44D4-BD61-748E380985AF}"
EndProject
Project("{2150E333-8FDC-42A3-9474-1A3956D46DE8}") = "Ordering", "Ordering", "{3C71BBCA-C2B1-495B-860F-A13195BD69A3}"
EndProject
Project("{FAE04EC0-301F-11D3-BF4B-00C04F79EFBC}") = "Ordering.API", "Services\Ordering\Ordering.API\Ordering.API.csproj", "{BA054FE9-91DD-426A-AB3B-8A11B72383B8}"
EndProject
Project("{FAE04EC0-301F-11D3-BF4B-00C04F79EFBC}") = "Ordering.Domain", "Services\Ordering\Ordering.Domain\Ordering.Domain.csproj", "{25179633-6BE7-4FDC-8931-D04A39F0C7AC}"
EndProject
Project("{FAE04EC0-301F-11D3-BF4B-00C04F79EFBC}") = "Ordering.Application", "Services\Ordering\Ordering.Application\Ordering.Application.csproj", "{9304E2D9-029D-4C73-BE36-DE05892BE6EF}"
EndProject
Project("{FAE04EC0-301F-11D3-BF4B-00C04F79EFBC}") = "Ordering.Infrastructure", "Services\Ordering\Ordering.Infrastructure\Ordering.Infrastructure.csproj", "{3643A1F4-AA78-4711-82F1-870DD2439E02}"
EndProject
Project("{FAE04EC0-301F-11D3-BF4B-00C04F79EFBC}") = "BuildingBlocks.Messaging", "BuildingBlocks\BuildingBlocks.Messaging\BuildingBlocks.Messaging.csproj", "{CDBF1ECF-D28D-488A-9E2F-B9FD55B2524C}"
EndProject
Project("{2150E333-8FDC-42A3-9474-1A3956D46DE8}") = "ApiGateways", "ApiGateways", "{BF75AC40-C74E-440E-AE0B-69A4826FB51E}"
EndProject
Project("{FAE04EC0-301F-11D3-BF4B-00C04F79EFBC}") = "YarpApiGateway", "ApiGateways\YarpApiGateway\YarpApiGateway.csproj", "{BA9B8D82-B511-49EA-901F-3729C19A2673}"
EndProject
Global
	GlobalSection(SolutionConfigurationPlatforms) = preSolution
		Debug|Any CPU = Debug|Any CPU
		Release|Any CPU = Release|Any CPU
	EndGlobalSection
	GlobalSection(NestedProjects) = preSolution
		{C6ABAA49-72B3-4400-9596-121BB73F4DF2} = {B9A7B137-CEE5-4B24-9E00-82007CCF1794}
		{53F79B2C-F5D0-41AE-AAA0-072F39915793} = {C6ABAA49-72B3-4400-9596-121BB73F4DF2}
		{360EC600-C64A-4287-8978-F14B92E83514} = {D0174253-5BC7-483D-988B-26C4C7BA0834}
		{646F85E9-B48A-4D93-9834-72F0E50DB695} = {B9A7B137-CEE5-4B24-9E00-82007CCF1794}
		{50665616-EC61-4F7E-BE8F-15F3DE2BF4E6} = {646F85E9-B48A-4D93-9834-72F0E50DB695}
		{DE8BB909-1840-43EB-B2DF-C24DB4EB56CA} = {B9A7B137-CEE5-4B24-9E00-82007CCF1794}
		{680A4B95-730B-44D4-BD61-748E380985AF} = {DE8BB909-1840-43EB-B2DF-C24DB4EB56CA}
		{3C71BBCA-C2B1-495B-860F-A13195BD69A3} = {B9A7B137-CEE5-4B24-9E00-82007CCF1794}
		{BA054FE9-91DD-426A-AB3B-8A11B72383B8} = {3C71BBCA-C2B1-495B-860F-A13195BD69A3}
		{25179633-6BE7-4FDC-8931-D04A39F0C7AC} = {3C71BBCA-C2B1-495B-860F-A13195BD69A3}
		{9304E2D9-029D-4C73-BE36-DE05892BE6EF} = {3C71BBCA-C2B1-495B-860F-A13195BD69A3}
		{3643A1F4-AA78-4711-82F1-870DD2439E02} = {3C71BBCA-C2B1-495B-860F-A13195BD69A3}
		{CDBF1ECF-D28D-488A-9E2F-B9FD55B2524C} = {D0174253-5BC7-483D-988B-26C4C7BA0834}
		{BA9B8D82-B511-49EA-901F-3729C19A2673} = {BF75AC40-C74E-440E-AE0B-69A4826FB51E}
	EndGlobalSection
	GlobalSection(ProjectConfigurationPlatforms) = postSolution
		{53F79B2C-F5D0-41AE-AAA0-072F39915793}.Debug|Any CPU.ActiveCfg = Debug|Any CPU
		{53F79B2C-F5D0-41AE-AAA0-072F39915793}.Debug|Any CPU.Build.0 = Debug|Any CPU
		{53F79B2C-F5D0-41AE-AAA0-072F39915793}.Release|Any CPU.ActiveCfg = Release|Any CPU
		{53F79B2C-F5D0-41AE-AAA0-072F39915793}.Release|Any CPU.Build.0 = Release|Any CPU
		{360EC600-C64A-4287-8978-F14B92E83514}.Debug|Any CPU.ActiveCfg = Debug|Any CPU
		{360EC600-C64A-4287-8978-F14B92E83514}.Debug|Any CPU.Build.0 = Debug|Any CPU
		{360EC600-C64A-4287-8978-F14B92E83514}.Release|Any CPU.ActiveCfg = Release|Any CPU
		{360EC600-C64A-4287-8978-F14B92E83514}.Release|Any CPU.Build.0 = Release|Any CPU
		{50665616-EC61-4F7E-BE8F-15F3DE2BF4E6}.Debug|Any CPU.ActiveCfg = Debug|Any CPU
		{50665616-EC61-4F7E-BE8F-15F3DE2BF4E6}.Debug|Any CPU.Build.0 = Debug|Any CPU
		{50665616-EC61-4F7E-BE8F-15F3DE2BF4E6}.Release|Any CPU.ActiveCfg = Release|Any CPU
		{50665616-EC61-4F7E-BE8F-15F3DE2BF4E6}.Release|Any CPU.Build.0 = Release|Any CPU
		{680A4B95-730B-44D4-BD61-748E380985AF}.Debug|Any CPU.ActiveCfg = Debug|Any CPU
		{680A4B95-730B-44D4-BD61-748E380985AF}.Debug|Any CPU.Build.0 = Debug|Any CPU
		{680A4B95-730B-44D4-BD61-748E380985AF}.Release|Any CPU.ActiveCfg = Release|Any CPU
		{680A4B95-730B-44D4-BD61-748E380985AF}.Release|Any CPU.Build.0 = Release|Any CPU
		{BA054FE9-91DD-426A-AB3B-8A11B72383B8}.Debug|Any CPU.ActiveCfg = Debug|Any CPU
		{BA054FE9-91DD-426A-AB3B-8A11B72383B8}.Debug|Any CPU.Build.0 = Debug|Any CPU
		{BA054FE9-91DD-426A-AB3B-8A11B72383B8}.Release|Any CPU.ActiveCfg = Release|Any CPU
		{BA054FE9-91DD-426A-AB3B-8A11B72383B8}.Release|Any CPU.Build.0 = Release|Any CPU
		{25179633-6BE7-4FDC-8931-D04A39F0C7AC}.Debug|Any CPU.ActiveCfg = Debug|Any CPU
		{25179633-6BE7-4FDC-8931-D04A39F0C7AC}.Debug|Any CPU.Build.0 = Debug|Any CPU
		{25179633-6BE7-4FDC-8931-D04A39F0C7AC}.Release|Any CPU.ActiveCfg = Release|Any CPU
		{25179633-6BE7-4FDC-8931-D04A39F0C7AC}.Release|Any CPU.Build.0 = Release|Any CPU
		{9304E2D9-029D-4C73-BE36-DE05892BE6EF}.Debug|Any CPU.ActiveCfg = Debug|Any CPU
		{9304E2D9-029D-4C73-BE36-DE05892BE6EF}.Debug|Any CPU.Build.0 = Debug|Any CPU
		{9304E2D9-029D-4C73-BE36-DE05892BE6EF}.Release|Any CPU.ActiveCfg = Release|Any CPU
		{9304E2D9-029D-4C73-BE36-DE05892BE6EF}.Release|Any CPU.Build.0 = Release|Any CPU
		{3643A1F4-AA78-4711-82F1-870DD2439E02}.Debug|Any CPU.ActiveCfg = Debug|Any CPU
		{3643A1F4-AA78-4711-82F1-870DD2439E02}.Debug|Any CPU.Build.0 = Debug|Any CPU
		{3643A1F4-AA78-4711-82F1-870DD2439E02}.Release|Any CPU.ActiveCfg = Release|Any CPU
		{3643A1F4-AA78-4711-82F1-870DD2439E02}.Release|Any CPU.Build.0 = Release|Any CPU
		{CDBF1ECF-D28D-488A-9E2F-B9FD55B2524C}.Debug|Any CPU.ActiveCfg = Debug|Any CPU
		{CDBF1ECF-D28D-488A-9E2F-B9FD55B2524C}.Debug|Any CPU.Build.0 = Debug|Any CPU
		{CDBF1ECF-D28D-488A-9E2F-B9FD55B2524C}.Release|Any CPU.ActiveCfg = Release|Any CPU
		{CDBF1ECF-D28D-488A-9E2F-B9FD55B2524C}.Release|Any CPU.Build.0 = Release|Any CPU
		{BA9B8D82-B511-49EA-901F-3729C19A2673}.Debug|Any CPU.ActiveCfg = Debug|Any CPU
		{BA9B8D82-B511-49EA-901F-3729C19A2673}.Debug|Any CPU.Build.0 = Debug|Any CPU
		{BA9B8D82-B511-49EA-901F-3729C19A2673}.Release|Any CPU.ActiveCfg = Release|Any CPU
		{BA9B8D82-B511-49EA-901F-3729C19A2673}.Release|Any CPU.Build.0 = Release|Any CPU
	EndGlobalSection
EndGlobal
